// !$*UTF8*$!
{
	archiveVersion = 1;
	classes = {
	};
	objectVersion = 77;
	objects = {

/* Begin PBXBuildFile section */
		5D3E20F72F9BBD9D00936CFF /* Supabase in Frameworks */ = {isa = PBXBuildFile; productRef = 5D3E20F62F9BBD9D00936CFF /* Supabase */; };
/* End PBXBuildFile section */

/* Begin PBXFileReference section */
		355E6C2C30765D6B000A8CF4 /* Focus4Good.xcodeproj */ = {isa = PBXFileReference; lastKnownFileType = "wrapper.pb-project"; path = Focus4Good.xcodeproj; sourceTree = "<group>"; };
		5D6225772F6C8B5A00F7DAD1 /* Focus4Good.app */ = {isa = PBXFileReference; explicitFileType = wrapper.application; includeInIndex = 0; path = Focus4Good.app; sourceTree = BUILT_PRODUCTS_DIR; };
/* End PBXFileReference section */

/* Begin PBXFileSystemSynchronizedBuildFileExceptionSet section */
		355E6D8B30765FDC000A8CF4 /* Exceptions for "Focus4Good" folder in "Focus4Good" target */ = {
			isa = PBXFileSystemSynchronizedBuildFileExceptionSet;
			membershipExceptions = (
				Assets.xcassets,
				Focus4GoodApp.swift,
				Helper/AppTheme.swift,
				Helper/QRCodeGenerator.swift,
				Helper/SpeechRecognizer.swift,
				Helper/SupabaseDateCoding.swift,
				Models/ASMRData.swift,
				Models/CalmCentre.swift,
				Models/Community.swift,
				Models/FocusSession.swift,
				Models/Task.swift,
				Models/User.swift,
				Models/Volunteer.swift,
				Resources/ASMRSounds/keyboard_typing_asmr.mp3,
				Resources/ASMRSounds/nature_and_calm.mp3,
				Resources/ASMRSounds/soft_rain_asmr.mp3,
				Resources/ASMRSounds/white_noise.mp3,
				Services/ASMRAudioService.swift,
				Services/BreatheAudioService.swift,
				Services/JPMRAudioService.swift,
				Services/MeditationAudioService.swift,
				Stores/CalmCentreStore.swift,
				Stores/CommunityStore.swift,
				Stores/NotificationManager.swift,
				Stores/ProgressStore.swift,
				Stores/TaskStore.swift,
				Stores/UserStore.swift,
				Stores/VolunteerStore.swift,
				Supabase/SupabaseConfig.swift,
				Supabase/SupabaseManager.swift,
				Views/Calm/ASMR/ASMRMiniPlayerView.swift,
				Views/Calm/ASMR/ASMRPlayerView.swift,
				Views/Calm/ASMR/ASMRPlaylistDetailView.swift,
				Views/Calm/ASMR/SensorySootheView.swift,
				Views/Calm/Braindump/BraindumpCanvasView.swift,
				Views/Calm/Braindump/BraindumpDetailView.swift,
				Views/Calm/Braindump/BraindumpEditorView.swift,
				Views/Calm/Braindump/BraindumpEntriesView.swift,
				Views/Calm/Braindump/BraindumpFoldersView.swift,
				Views/Calm/Braindump/BraindumpHomeView.swift,
				Views/Calm/Braindump/BraindumpPasswordView.swift,
				Views/Calm/Braindump/BraindumpSavedView.swift,
				Views/Calm/Braindump/BraindumpWriteView.swift,
				Views/Calm/Breathe/BreatheSessionView.swift,
				Views/Calm/CalmCentreView.swift,
				Views/Calm/DeepFocus/DeepFocusBrowseView.swift,
				Views/Calm/JPMR/JPMRSessionView.swift,
				Views/Calm/JPMR/JPMRVideoView.swift,
				Views/Community/AddCommunityView.swift,
				Views/Community/AddPostView.swift,
				Views/Community/CommunityHome.swift,
				Views/Community/CommunityMembersSheet.swift,
				Views/Community/CommunityPostRowView.swift,
				Views/Community/CommunityPostsSheet.swift,
				Views/Community/CommunityRowView.swift,
				Views/Community/TransferOwnershipSheet.swift,
				Views/Home/AddTaskSheet.swift,
				Views/Home/AuthView.swift,
				Views/Home/BadgesView.swift,
				Views/Home/DonatePointsView.swift,
				Views/Home/DummyData.swift,
				Views/Home/ForgotPasswordView.swift,
				Views/Home/HomeView.swift,
				Views/Home/NGOListView.swift,
				Views/Home/OnboardingView.swift,
				Views/Home/PomodoroView.swift,
				Views/Home/PrivacyViews.swift,
				Views/Home/ProfileView.swift,
				Views/Home/RescueMeView.swift,
				Views/Home/ScannedTasksReviewView.swift,
				Views/Home/ScanNotesView.swift,
				Views/Home/ScheduleView.swift,
				Views/Home/SplashView.swift,
				Views/Home/TwoFactorVerifyView.swift,
				Views/Progress/ProgressDetailSheets.swift,
				Views/Progress/ProgressTrackerView.swift,
			);
			target = 5D6225762F6C8B5A00F7DAD1 /* Focus4Good */;
		};
/* End PBXFileSystemSynchronizedBuildFileExceptionSet section */

/* Begin PBXFileSystemSynchronizedRootGroup section */
		5D6225792F6C8B5A00F7DAD1 /* Focus4Good */ = {
			isa = PBXFileSystemSynchronizedRootGroup;
			exceptions = (
				355E6D8B30765FDC000A8CF4 /* Exceptions for "Focus4Good" folder in "Focus4Good" target */,
			);
			path = Focus4Good;
			sourceTree = "<group>";
		};
/* End PBXFileSystemSynchronizedRootGroup section */

/* Begin PBXFrameworksBuildPhase section */
		5D6225742F6C8B5A00F7DAD1 /* Frameworks */ = {
			isa = PBXFrameworksBuildPhase;
			buildActionMask = 2147483647;
			files = (
				5D3E20F72F9BBD9D00936CFF /* Supabase in Frameworks */,
			);
			runOnlyForDeploymentPostprocessing = 0;
		};
/* End PBXFrameworksBuildPhase section */

/* Begin PBXGroup section */
		355E6C3330765D6B000A8CF4 /* Products */ = {
			isa = PBXGroup;
			children = (
			);
			name = Products;
			sourceTree = "<group>";
		};
		5D3E20F52F9BBD9D00936CFF /* Frameworks */ = {
			isa = PBXGroup;
			children = (
			);
			name = Frameworks;
			sourceTree = "<group>";
		};
		5D62256E2F6C8B5A00F7DAD1 = {
			isa = PBXGroup;
			children = (
				5D6225792F6C8B5A00F7DAD1 /* Focus4Good */,
				5D3E20F52F9BBD9D00936CFF /* Frameworks */,
				5D6225782F6C8B5A00F7DAD1 /* Products */,
			);
			sourceTree = "<group>";
		};
		5D6225782F6C8B5A00F7DAD1 /* Products */ = {
			isa = PBXGroup;
			children = (
				5D6225772F6C8B5A00F7DAD1 /* Focus4Good.app */,
			);
			name = Products;
			sourceTree = "<group>";
		};
/* End PBXGroup section */

/* Begin PBXNativeTarget section */
		5D6225762F6C8B5A00F7DAD1 /* Focus4Good */ = {
			isa = PBXNativeTarget;
			buildConfigurationList = 5D6225822F6C8B5B00F7DAD1 /* Build configuration list for PBXNativeTarget "Focus4Good" */;
			buildPhases = (
				5D6225732F6C8B5A00F7DAD1 /* Sources */,
				5D6225742F6C8B5A00F7DAD1 /* Frameworks */,
				5D6225752F6C8B5A00F7DAD1 /* Resources */,
			);
			buildRules = (
			);
			dependencies = (
			);
			fileSystemSynchronizedGroups = (
				5D6225792F6C8B5A00F7DAD1 /* Focus4Good */,
			);
			name = Focus4Good;
			packageProductDependencies = (
				5D3E20F62F9BBD9D00936CFF /* Supabase */,
			);
			productName = Focus4Good;
			productReference = 5D6225772F6C8B5A00F7DAD1 /* Focus4Good.app */;
			productType = "com.apple.product-type.application";
		};
/* End PBXNativeTarget section */

/* Begin PBXProject section */
		5D62256F2F6C8B5A00F7DAD1 /* Project object */ = {
			isa = PBXProject;
			attributes = {
				BuildIndependentTargetsInParallel = 1;
				LastSwiftUpdateCheck = 2630;
				LastUpgradeCheck = 2630;
				TargetAttributes = {
					5D6225762F6C8B5A00F7DAD1 = {
						CreatedOnToolsVersion = 26.3;
					};
				};
			};
			buildConfigurationList = 5D6225722F6C8B5A00F7DAD1 /* Build configuration list for PBXProject "Focus4Good" */;
			developmentRegion = en;
			hasScannedForEncodings = 0;
			knownRegions = (
				en,
				Base,
			);
			mainGroup = 5D62256E2F6C8B5A00F7DAD1;
			minimizedProjectReferenceProxies = 1;
			packageReferences = (
				5D3E20E82F9BBD6C00936CFF /* XCRemoteSwiftPackageReference "supabase-swift" */,
			);
			preferredProjectObjectVersion = 77;
			productRefGroup = 5D6225782F6C8B5A00F7DAD1 /* Products */;
			projectDirPath = "";
			projectReferences = (
				{
					ProductGroup = 355E6C3330765D6B000A8CF4 /* Products */;
					ProjectRef = 355E6C2C30765D6B000A8CF4 /* Focus4Good.xcodeproj */;
				},
			);
			projectRoot = "";
			targets = (
				5D6225762F6C8B5A00F7DAD1 /* Focus4Good */,
			);
		};
/* End PBXProject section */

/* Begin PBXResourcesBuildPhase section */
		5D6225752F6C8B5A00F7DAD1 /* Resources */ = {
			isa = PBXResourcesBuildPhase;
			buildActionMask = 2147483647;
			files = (
			);
			runOnlyForDeploymentPostprocessing = 0;
		};
/* End PBXResourcesBuildPhase section */

/* Begin PBXSourcesBuildPhase section */
		5D6225732F6C8B5A00F7DAD1 /* Sources */ = {
			isa = PBXSourcesBuildPhase;
			buildActionMask = 2147483647;
			files = (
			);
			runOnlyForDeploymentPostprocessing = 0;
		};
/* End PBXSourcesBuildPhase section */

/* Begin XCBuildConfiguration section */
		5D6225802F6C8B5B00F7DAD1 /* Debug */ = {
			isa = XCBuildConfiguration;
			buildSettings = {
				ALWAYS_SEARCH_USER_PATHS = NO;
				ASSETCATALOG_COMPILER_GENERATE_SWIFT_ASSET_SYMBOL_EXTENSIONS = YES;
				CLANG_ANALYZER_NONNULL = YES;
				CLANG_ANALYZER_NUMBER_OBJECT_CONVERSION = YES_AGGRESSIVE;
				CLANG_CXX_LANGUAGE_STANDARD = "gnu++20";
				CLANG_ENABLE_MODULES = YES;
				CLANG_ENABLE_OBJC_ARC = YES;
				CLANG_ENABLE_OBJC_WEAK = YES;
				CLANG_WARN_BLOCK_CAPTURE_AUTORELEASING = YES;
				CLANG_WARN_BOOL_CONVERSION = YES;
				CLANG_WARN_COMMA = YES;
				CLANG_WARN_CONSTANT_CONVERSION = YES;
				CLANG_WARN_DEPRECATED_OBJC_IMPLEMENTATIONS = YES;
				CLANG_WARN_DIRECT_OBJC_ISA_USAGE = YES_ERROR;
				CLANG_WARN_DOCUMENTATION_COMMENTS = YES;
				CLANG_WARN_EMPTY_BODY = YES;
				CLANG_WARN_ENUM_CONVERSION = YES;
				CLANG_WARN_INFINITE_RECURSION = YES;
				CLANG_WARN_INT_CONVERSION = YES;
				CLANG_WARN_NON_LITERAL_NULL_CONVERSION = YES;
				CLANG_WARN_OBJC_IMPLICIT_RETAIN_SELF = YES;
				CLANG_WARN_OBJC_LITERAL_CONVERSION = YES;
				CLANG_WARN_OBJC_ROOT_CLASS = YES_ERROR;
				CLANG_WARN_QUOTED_INCLUDE_IN_FRAMEWORK_HEADER = YES;
				CLANG_WARN_RANGE_LOOP_ANALYSIS = YES;
				CLANG_WARN_STRICT_PROTOTYPES = YES;
				CLANG_WARN_SUSPICIOUS_MOVE = YES;
				CLANG_WARN_UNGUARDED_AVAILABILITY = YES_AGGRESSIVE;
				CLANG_WARN_UNREACHABLE_CODE = YES;
				CLANG_WARN__DUPLICATE_METHOD_MATCH = YES;
				COPY_PHASE_STRIP = NO;
				DEBUG_INFORMATION_FORMAT = dwarf;
				DEVELOPMENT_TEAM = 2VDSL989U6;
				ENABLE_STRICT_OBJC_MSGSEND = YES;
				ENABLE_TESTABILITY = YES;
				ENABLE_USER_SCRIPT_SANDBOXING = YES;
				GCC_C_LANGUAGE_STANDARD = gnu17;
				GCC_DYNAMIC_NO_PIC = NO;
				GCC_NO_COMMON_BLOCKS = YES;
				GCC_OPTIMIZATION_LEVEL = 0;
				GCC_PREPROCESSOR_DEFINITIONS = (
					"DEBUG=1",
					"$(inherited)",
				);
				GCC_WARN_64_TO_32_BIT_CONVERSION = YES;
				GCC_WARN_ABOUT_RETURN_TYPE = YES_ERROR;
				GCC_WARN_UNDECLARED_SELECTOR = YES;
				GCC_WARN_UNINITIALIZED_AUTOS = YES_AGGRESSIVE;
				GCC_WARN_UNUSED_FUNCTION = YES;
				GCC_WARN_UNUSED_VARIABLE = YES;
				IPHONEOS_DEPLOYMENT_TARGET = 18.0;
				LOCALIZATION_PREFERS_STRING_CATALOGS = YES;
				MTL_ENABLE_DEBUG_INFO = INCLUDE_SOURCE;
				MTL_FAST_MATH = YES;
				ONLY_ACTIVE_ARCH = YES;
				SDKROOT = iphoneos;
				SWIFT_ACTIVE_COMPILATION_CONDITIONS = "DEBUG $(inherited)";
				SWIFT_OPTIMIZATION_LEVEL = "-Onone";
			};
			name = Debug;
		};
		5D6225812F6C8B5B00F7DAD1 /* Release */ = {
			isa = XCBuildConfiguration;
			buildSettings = {
				ALWAYS_SEARCH_USER_PATHS = NO;
				ASSETCATALOG_COMPILER_GENERATE_SWIFT_ASSET_SYMBOL_EXTENSIONS = YES;
				CLANG_ANALYZER_NONNULL = YES;
				CLANG_ANALYZER_NUMBER_OBJECT_CONVERSION = YES_AGGRESSIVE;
				CLANG_CXX_LANGUAGE_STANDARD = "gnu++20";
				CLANG_ENABLE_MODULES = YES;
				CLANG_ENABLE_OBJC_ARC = YES;
				CLANG_ENABLE_OBJC_WEAK = YES;
				CLANG_WARN_BLOCK_CAPTURE_AUTORELEASING = YES;
				CLANG_WARN_BOOL_CONVERSION = YES;
				CLANG_WARN_COMMA = YES;
				CLANG_WARN_CONSTANT_CONVERSION = YES;
				CLANG_WARN_DEPRECATED_OBJC_IMPLEMENTATIONS = YES;
				CLANG_WARN_DIRECT_OBJC_ISA_USAGE = YES_ERROR;
				CLANG_WARN_DOCUMENTATION_COMMENTS = YES;
				CLANG_WARN_EMPTY_BODY = YES;
				CLANG_WARN_ENUM_CONVERSION = YES;
				CLANG_WARN_INFINITE_RECURSION = YES;
				CLANG_WARN_INT_CONVERSION = YES;
				CLANG_WARN_NON_LITERAL_NULL_CONVERSION = YES;
				CLANG_WARN_OBJC_IMPLICIT_RETAIN_SELF = YES;
				CLANG_WARN_OBJC_LITERAL_CONVERSION = YES;
				CLANG_WARN_OBJC_ROOT_CLASS = YES_ERROR;
				CLANG_WARN_QUOTED_INCLUDE_IN_FRAMEWORK_HEADER = YES;
				CLANG_WARN_RANGE_LOOP_ANALYSIS = YES;
				CLANG_WARN_STRICT_PROTOTYPES = YES;
				CLANG_WARN_SUSPICIOUS_MOVE = YES;
				CLANG_WARN_UNGUARDED_AVAILABILITY = YES_AGGRESSIVE;
				CLANG_WARN_UNREACHABLE_CODE = YES;
				CLANG_WARN__DUPLICATE_METHOD_MATCH = YES;
				COPY_PHASE_STRIP = NO;
				DEBUG_INFORMATION_FORMAT = "dwarf-with-dsym";
				DEVELOPMENT_TEAM = 2VDSL989U6;
				ENABLE_NS_ASSERTIONS = NO;
				ENABLE_STRICT_OBJC_MSGSEND = YES;
				ENABLE_USER_SCRIPT_SANDBOXING = YES;
				GCC_C_LANGUAGE_STANDARD = gnu17;
				GCC_NO_COMMON_BLOCKS = YES;
				GCC_WARN_64_TO_32_BIT_CONVERSION = YES;
				GCC_WARN_ABOUT_RETURN_TYPE = YES_ERROR;
				GCC_WARN_UNDECLARED_SELECTOR = YES;
				GCC_WARN_UNINITIALIZED_AUTOS = YES_AGGRESSIVE;
				GCC_WARN_UNUSED_FUNCTION = YES;
				GCC_WARN_UNUSED_VARIABLE = YES;
				IPHONEOS_DEPLOYMENT_TARGET = 18.0;
				LOCALIZATION_PREFERS_STRING_CATALOGS = YES;
				MTL_ENABLE_DEBUG_INFO = NO;
				MTL_FAST_MATH = YES;
				SDKROOT = iphoneos;
				SWIFT_COMPILATION_MODE = wholemodule;
				VALIDATE_PRODUCT = YES;
			};
			name = Release;
		};
		5D6225832F6C8B5B00F7DAD1 /* Debug */ = {
			isa = XCBuildConfiguration;
			buildSettings = {
				ASSETCATALOG_COMPILER_APPICON_NAME = AppIcon;
				ASSETCATALOG_COMPILER_GLOBAL_ACCENT_COLOR_NAME = AccentColor;
				CODE_SIGN_ENTITLEMENTS = Focus4Good/Focus4Good.entitlements;
				CODE_SIGN_STYLE = Automatic;
				CURRENT_PROJECT_VERSION = 1;
				DEVELOPMENT_TEAM = 73B8W4ZN6V;
				ENABLE_PREVIEWS = YES;
				GENERATE_INFOPLIST_FILE = YES;
				INFOPLIST_KEY_NSCameraUsageDescription = "To scan your schedule and handwritten notes";
				INFOPLIST_KEY_NSPhotoLibraryUsageDescription = "To scan schedule from photo";
				INFOPLIST_KEY_UIApplicationSceneManifest_Generation = YES;
				INFOPLIST_KEY_UIApplicationSupportsIndirectInputEvents = YES;
				INFOPLIST_KEY_UILaunchScreen_Generation = YES;
				INFOPLIST_KEY_UISupportedInterfaceOrientations_iPad = "UIInterfaceOrientationPortrait UIInterfaceOrientationPortraitUpsideDown UIInterfaceOrientationLandscapeLeft UIInterfaceOrientationLandscapeRight";
				INFOPLIST_KEY_UISupportedInterfaceOrientations_iPhone = "UIInterfaceOrientationPortrait UIInterfaceOrientationLandscapeLeft UIInterfaceOrientationLandscapeRight";
				IPHONEOS_DEPLOYMENT_TARGET = 26.0;
				LD_RUNPATH_SEARCH_PATHS = (
					"$(inherited)",
					"@executable_path/Frameworks",
				);
				MARKETING_VERSION = 1.0;
				PRODUCT_BUNDLE_IDENTIFIER = com.shreya.focus4goodAppfg;
				PRODUCT_NAME = "$(TARGET_NAME)";
				STRING_CATALOG_GENERATE_SYMBOLS = YES;
				SWIFT_APPROACHABLE_CONCURRENCY = YES;
				SWIFT_DEFAULT_ACTOR_ISOLATION = nonisolated;
				SWIFT_EMIT_LOC_STRINGS = YES;
				SWIFT_UPCOMING_FEATURE_MEMBER_IMPORT_VISIBILITY = YES;
				SWIFT_VERSION = 5.0;
				TARGETED_DEVICE_FAMILY = "1,2";
			};
			name = Debug;
		};
		5D6225842F6C8B5B00F7DAD1 /* Release */ = {
			isa = XCBuildConfiguration;
			buildSettings = {
				ASSETCATALOG_COMPILER_APPICON_NAME = AppIcon;
				ASSETCATALOG_COMPILER_GLOBAL_ACCENT_COLOR_NAME = AccentColor;
				CODE_SIGN_ENTITLEMENTS = Focus4Good/Focus4Good.entitlements;
				CODE_SIGN_STYLE = Automatic;
				CURRENT_PROJECT_VERSION = 1;
				DEVELOPMENT_TEAM = 73B8W4ZN6V;
				ENABLE_PREVIEWS = YES;
				GENERATE_INFOPLIST_FILE = YES;
				INFOPLIST_KEY_NSCameraUsageDescription = "To scan your schedule and handwritten notes";
				INFOPLIST_KEY_NSPhotoLibraryUsageDescription = "To scan schedule from photo";
				INFOPLIST_KEY_UIApplicationSceneManifest_Generation = YES;
				INFOPLIST_KEY_UIApplicationSupportsIndirectInputEvents = YES;
				INFOPLIST_KEY_UILaunchScreen_Generation = YES;
				INFOPLIST_KEY_UISupportedInterfaceOrientations_iPad = "UIInterfaceOrientationPortrait UIInterfaceOrientationPortraitUpsideDown UIInterfaceOrientationLandscapeLeft UIInterfaceOrientationLandscapeRight";
				INFOPLIST_KEY_UISupportedInterfaceOrientations_iPhone = "UIInterfaceOrientationPortrait UIInterfaceOrientationLandscapeLeft UIInterfaceOrientationLandscapeRight";
				IPHONEOS_DEPLOYMENT_TARGET = 26.0;
				LD_RUNPATH_SEARCH_PATHS = (
					"$(inherited)",
					"@executable_path/Frameworks",
				);
				MARKETING_VERSION = 1.0;
				PRODUCT_BUNDLE_IDENTIFIER = com.shreya.focus4goodAppfg;
				PRODUCT_NAME = "$(TARGET_NAME)";
				STRING_CATALOG_GENERATE_SYMBOLS = YES;
				SWIFT_APPROACHABLE_CONCURRENCY = YES;
				SWIFT_DEFAULT_ACTOR_ISOLATION = nonisolated;
				SWIFT_EMIT_LOC_STRINGS = YES;
				SWIFT_UPCOMING_FEATURE_MEMBER_IMPORT_VISIBILITY = YES;
				SWIFT_VERSION = 5.0;
				TARGETED_DEVICE_FAMILY = "1,2";
			};
			name = Release;
		};
/* End XCBuildConfiguration section */

/* Begin XCConfigurationList section */
		5D6225722F6C8B5A00F7DAD1 /* Build configuration list for PBXProject "Focus4Good" */ = {
			isa = XCConfigurationList;
			buildConfigurations = (
				5D6225802F6C8B5B00F7DAD1 /* Debug */,
				5D6225812F6C8B5B00F7DAD1 /* Release */,
			);
			defaultConfigurationIsVisible = 0;
			defaultConfigurationName = Release;
		};
		5D6225822F6C8B5B00F7DAD1 /* Build configuration list for PBXNativeTarget "Focus4Good" */ = {
			isa = XCConfigurationList;
			buildConfigurations = (
				5D6225832F6C8B5B00F7DAD1 /* Debug */,
				5D6225842F6C8B5B00F7DAD1 /* Release */,
			);
			defaultConfigurationIsVisible = 0;
			defaultConfigurationName = Release;
		};
/* End XCConfigurationList section */

/* Begin XCRemoteSwiftPackageReference section */
		5D3E20E82F9BBD6C00936CFF /* XCRemoteSwiftPackageReference "supabase-swift" */ = {
			isa = XCRemoteSwiftPackageReference;
			repositoryURL = "https://github.com/supabase/supabase-swift";
			requirement = {
				kind = upToNextMajorVersion;
				minimumVersion = 2.5.1;
			};
		};
/* End XCRemoteSwiftPackageReference section */

/* Begin XCSwiftPackageProductDependency section */
		5D3E20F62F9BBD9D00936CFF /* Supabase */ = {
			isa = XCSwiftPackageProductDependency;
			package = 5D3E20E82F9BBD6C00936CFF /* XCRemoteSwiftPackageReference "supabase-swift" */;
			productName = Supabase;
		};
/* End XCSwiftPackageProductDependency section */
	};
	rootObject = 5D62256F2F6C8B5A00F7DAD1 /* Project object */;
}
